
Microsoft Visual Studio Solution File, Format Version 12.00
# Visual Studio Version 17
VisualStudioVersion = 17.0.31903.59
MinimumVisualStudioVersion = 10.0.40219.1
Project("{2150E333-8FDC-42A3-9474-1A3956D46DE8}") = "tools", "tools", "{07C2787E-EAC7-C090-1BA3-A61EC2A24D84}"
EndProject
Project("{FAE04EC0-301F-11D3-BF4B-00C04F79EFBC}") = "OpenBuzz.Cli", "tools\OpenBuzz.Cli\OpenBuzz.Cli.csproj", "{E4998DDD-32D0-44D1-B653-B97DD26E3DE6}"
EndProject
Project("{2150E333-8FDC-42A3-9474-1A3956D46DE8}") = "src", "src", "{827E0CD3-B72D-47B6-A68D-7590B98EB39B}"
EndProject
Project("{FAE04EC0-301F-11D3-BF4B-00C04F79EFBC}") = "OpenBuzz.Audio", "src\OpenBuzz.Audio\OpenBuzz.Audio.csproj", "{B8E7350A-EDAB-42A0-8774-CAC6463E6B89}"
EndProject
Project("{FAE04EC0-301F-11D3-BF4B-00C04F79EFBC}") = "OpenBuzz.Input", "src\OpenBuzz.Input\OpenBuzz.Input.csproj", "{C1911FAB-FFE4-4F07-8BF1-DF9F87ADEF2B}"
EndProject
Project("{FAE04EC0-301F-11D3-BF4B-00C04F79EFBC}") = "OpenBuzz.VirtualControllers", "tools\OpenBuzz.VirtualControllers\OpenBuzz.VirtualControllers.csproj", "{C8E13BE9-D04B-4C5E-801C-FD05A34E8DB2}"
EndProject
Project("{FAE04EC0-301F-11D3-BF4B-00C04F79EFBC}") = "OpenBuzz.Quiz", "src\OpenBuzz.Quiz\OpenBuzz.Quiz.csproj", "{266354AC-90E1-421B-9D0C-422D94BA5C0F}"
EndProject
Project("{FAE04EC0-301F-11D3-BF4B-00C04F79EFBC}") = "OpenBuzz.Ui", "src\OpenBuzz.Ui\OpenBuzz.Ui.csproj", "{121925BA-B6AA-484B-B49C-25A6F437559F}"
EndProject
Project("{FAE04EC0-301F-11D3-BF4B-00C04F79EFBC}") = "OpenBuzz.Round", "tools\OpenBuzz.Round\OpenBuzz.Round.csproj", "{5458D199-F58C-4046-9D1C-5B2909D583B4}"
EndProject
Project("{FAE04EC0-301F-11D3-BF4B-00C04F79EFBC}") = "OpenBuzz.Graphics", "src\OpenBuzz.Graphics\OpenBuzz.Graphics.csproj", "{D2E5CB20-B939-4172-BE6E-54CF458C277B}"
EndProject
Project("{FAE04EC0-301F-11D3-BF4B-00C04F79EFBC}") = "OpenBuzz.Animation", "src\OpenBuzz.Animation\OpenBuzz.Animation.csproj", "{36C142B3-8AC0-4A55-9D5A-14634D0A8BC3}"
EndProject
Project("{FAE04EC0-301F-11D3-BF4B-00C04F79EFBC}") = "OpenBuzz.A2dPlayer", "tools\OpenBuzz.A2dPlayer\OpenBuzz.A2dPlayer.csproj", "{15ACA283-1204-4B85-A8CA-9E24F87262A5}"
EndProject
Project("{FAE04EC0-301F-11D3-BF4B-00C04F79EFBC}") = "OpenBuzz.TexBrowser", "tools\OpenBuzz.TexBrowser\OpenBuzz.TexBrowser.csproj", "{C3C729E2-32C5-4AD1-989E-3768D745CE43}"
EndProject
Global
	GlobalSection(SolutionConfigurationPlatforms) = preSolution
		Debug|Any CPU = Debug|Any CPU
		Debug|x64 = Debug|x64
		Debug|x86 = Debug|x86
		Release|Any CPU = Release|Any CPU
		Release|x64 = Release|x64
		Release|x86 = Release|x86
	EndGlobalSection
	GlobalSection(ProjectConfigurationPlatforms) = postSolution
		{E4998DDD-32D0-44D1-B653-B97DD26E3DE6}.Debug|Any CPU.ActiveCfg = Debug|Any CPU
		{E4998DDD-32D0-44D1-B653-B97DD26E3DE6}.Debug|Any CPU.Build.0 = Debug|Any CPU
		{E4998DDD-32D0-44D1-B653-B97DD26E3DE6}.Debug|x64.ActiveCfg = Debug|Any CPU
		{E4998DDD-32D0-44D1-B653-B97DD26E3DE6}.Debug|x64.Build.0 = Debug|Any CPU
		{E4998DDD-32D0-44D1-B653-B97DD26E3DE6}.Debug|x86.ActiveCfg = Debug|Any CPU
		{E4998DDD-32D0-44D1-B653-B97DD26E3DE6}.Debug|x86.Build.0 = Debug|Any CPU
		{E4998DDD-32D0-44D1-B653-B97DD26E3DE6}.Release|Any CPU.ActiveCfg = Release|Any CPU
		{E4998DDD-32D0-44D1-B653-B97DD26E3DE6}.Release|Any CPU.Build.0 = Release|Any CPU
		{E4998DDD-32D0-44D1-B653-B97DD26E3DE6}.Release|x64.ActiveCfg = Release|Any CPU
		{E4998DDD-32D0-44D1-B653-B97DD26E3DE6}.Release|x64.Build.0 = Release|Any CPU
		{E4998DDD-32D0-44D1-B653-B97DD26E3DE6}.Release|x86.ActiveCfg = Release|Any CPU
		{E4998DDD-32D0-44D1-B653-B97DD26E3DE6}.Release|x86.Build.0 = Release|Any CPU
		{B8E7350A-EDAB-42A0-8774-CAC6463E6B89}.Debug|Any CPU.ActiveCfg = Debug|Any CPU
		{B8E7350A-EDAB-42A0-8774-CAC6463E6B89}.Debug|Any CPU.Build.0 = Debug|Any CPU
		{B8E7350A-EDAB-42A0-8774-CAC6463E6B89}.Debug|x64.ActiveCfg = Debug|Any CPU
		{B8E7350A-EDAB-42A0-8774-CAC6463E6B89}.Debug|x64.Build.0 = Debug|Any CPU
		{B8E7350A-EDAB-42A0-8774-CAC6463E6B89}.Debug|x86.ActiveCfg = Debug|Any CPU
		{B8E7350A-EDAB-42A0-8774-CAC6463E6B89}.Debug|x86.Build.0 = Debug|Any CPU
		{B8E7350A-EDAB-42A0-8774-CAC6463E6B89}.Release|Any CPU.ActiveCfg = Release|Any CPU
		{B8E7350A-EDAB-42A0-8774-CAC6463E6B89}.Release|Any CPU.Build.0 = Release|Any CPU
		{B8E7350A-EDAB-42A0-8774-CAC6463E6B89}.Release|x64.ActiveCfg = Release|Any CPU
		{B8E7350A-EDAB-42A0-8774-CAC6463E6B89}.Release|x64.Build.0 = Release|Any CPU
		{B8E7350A-EDAB-42A0-8774-CAC6463E6B89}.Release|x86.ActiveCfg = Release|Any CPU
		{B8E7350A-EDAB-42A0-8774-CAC6463E6B89}.Release|x86.Build.0 = Release|Any CPU
		{C1911FAB-FFE4-4F07-8BF1-DF9F87ADEF2B}.Debug|Any CPU.ActiveCfg = Debug|Any CPU
		{C1911FAB-FFE4-4F07-8BF1-DF9F87ADEF2B}.Debug|Any CPU.Build.0 = Debug|Any CPU
		{C1911FAB-FFE4-4F07-8BF1-DF9F87ADEF2B}.Debug|x64.ActiveCfg = Debug|Any CPU
		{C1911FAB-FFE4-4F07-8BF1-DF9F87ADEF2B}.Debug|x64.Build.0 = Debug|Any CPU
		{C1911FAB-FFE4-4F07-8BF1-DF9F87ADEF2B}.Debug|x86.ActiveCfg = Debug|Any CPU
		{C1911FAB-FFE4-4F07-8BF1-DF9F87ADEF2B}.Debug|x86.Build.0 = Debug|Any CPU
		{C1911FAB-FFE4-4F07-8BF1-DF9F87ADEF2B}.Release|Any CPU.ActiveCfg = Release|Any CPU
		{C1911FAB-FFE4-4F07-8BF1-DF9F87ADEF2B}.Release|Any CPU.Build.0 = Release|Any CPU
		{C1911FAB-FFE4-4F07-8BF1-DF9F87ADEF2B}.Release|x64.ActiveCfg = Release|Any CPU
		{C1911FAB-FFE4-4F07-8BF1-DF9F87ADEF2B}.Release|x64.Build.0 = Release|Any CPU
		{C1911FAB-FFE4-4F07-8BF1-DF9F87ADEF2B}.Release|x86.ActiveCfg = Release|Any CPU
		{C1911FAB-FFE4-4F07-8BF1-DF9F87ADEF2B}.Release|x86.Build.0 = Release|Any CPU
		{C8E13BE9-D04B-4C5E-801C-FD05A34E8DB2}.Debug|Any CPU.ActiveCfg = Debug|Any CPU
		{C8E13BE9-D04B-4C5E-801C-FD05A34E8DB2}.Debug|Any CPU.Build.0 = Debug|Any CPU
		{C8E13BE9-D04B-4C5E-801C-FD05A34E8DB2}.Debug|x64.ActiveCfg = Debug|Any CPU
		{C8E13BE9-D04B-4C5E-801C-FD05A34E8DB2}.Debug|x64.Build.0 = Debug|Any CPU
		{C8E13BE9-D04B-4C5E-801C-FD05A34E8DB2}.Debug|x86.ActiveCfg = Debug|Any CPU
		{C8E13BE9-D04B-4C5E-801C-FD05A34E8DB2}.Debug|x86.Build.0 = Debug|Any CPU
		{C8E13BE9-D04B-4C5E-801C-FD05A34E8DB2}.Release|Any CPU.ActiveCfg = Release|Any CPU
		{C8E13BE9-D04B-4C5E-801C-FD05A34E8DB2}.Release|Any CPU.Build.0 = Release|Any CPU
		{C8E13BE9-D04B-4C5E-801C-FD05A34E8DB2}.Release|x64.ActiveCfg = Release|Any CPU
		{C8E13BE9-D04B-4C5E-801C-FD05A34E8DB2}.Release|x64.Build.0 = Release|Any CPU
		{C8E13BE9-D04B-4C5E-801C-FD05A34E8DB2}.Release|x86.ActiveCfg = Release|Any CPU
		{C8E13BE9-D04B-4C5E-801C-FD05A34E8DB2}.Release|x86.Build.0 = Release|Any CPU
		{266354AC-90E1-421B-9D0C-422D94BA5C0F}.Debug|Any CPU.ActiveCfg = Debug|Any CPU
		{266354AC-90E1-421B-9D0C-422D94BA5C0F}.Debug|Any CPU.Build.0 = Debug|Any CPU
		{266354AC-90E1-421B-9D0C-422D94BA5C0F}.Debug|x64.ActiveCfg = Debug|Any CPU
		{266354AC-90E1-421B-9D0C-422D94BA5C0F}.Debug|x64.Build.0 = Debug|Any CPU
		{266354AC-90E1-421B-9D0C-422D94BA5C0F}.Debug|x86.ActiveCfg = Debug|Any CPU
		{266354AC-90E1-421B-9D0C-422D94BA5C0F}.Debug|x86.Build.0 = Debug|Any CPU
		{266354AC-90E1-421B-9D0C-422D94BA5C0F}.Release|Any CPU.ActiveCfg = Release|Any CPU
		{266354AC-90E1-421B-9D0C-422D94BA5C0F}.Release|Any CPU.Build.0 = Release|Any CPU
		{266354AC-90E1-421B-9D0C-422D94BA5C0F}.Release|x64.ActiveCfg = Release|Any CPU
		{266354AC-90E1-421B-9D0C-422D94BA5C0F}.Release|x64.Build.0 = Release|Any CPU
		{266354AC-90E1-421B-9D0C-422D94BA5C0F}.Release|x86.ActiveCfg = Release|Any CPU
		{266354AC-90E1-421B-9D0C-422D94BA5C0F}.Release|x86.Build.0 = Release|Any CPU
		{121925BA-B6AA-484B-B49C-25A6F437559F}.Debug|Any CPU.ActiveCfg = Debug|Any CPU
		{121925BA-B6AA-484B-B49C-25A6F437559F}.Debug|Any CPU.Build.0 = Debug|Any CPU
		{121925BA-B6AA-484B-B49C-25A6F437559F}.Debug|x64.ActiveCfg = Debug|Any CPU
		{121925BA-B6AA-484B-B49C-25A6F437559F}.Debug|x64.Build.0 = Debug|Any CPU
		{121925BA-B6AA-484B-B49C-25A6F437559F}.Debug|x86.ActiveCfg = Debug|Any CPU
		{121925BA-B6AA-484B-B49C-25A6F437559F}.Debug|x86.Build.0 = Debug|Any CPU
		{121925BA-B6AA-484B-B49C-25A6F437559F}.Release|Any CPU.ActiveCfg = Release|Any CPU
		{121925BA-B6AA-484B-B49C-25A6F437559F}.Release|Any CPU.Build.0 = Release|Any CPU
		{121925BA-B6AA-484B-B49C-25A6F437559F}.Release|x64.ActiveCfg = Release|Any CPU
		{121925BA-B6AA-484B-B49C-25A6F437559F}.Release|x64.Build.0 = Release|Any CPU
		{121925BA-B6AA-484B-B49C-25A6F437559F}.Release|x86.ActiveCfg = Release|Any CPU
		{121925BA-B6AA-484B-B49C-25A6F437559F}.Release|x86.Build.0 = Release|Any CPU
		{5458D199-F58C-4046-9D1C-5B2909D583B4}.Debug|Any CPU.ActiveCfg = Debug|Any CPU
		{5458D199-F58C-4046-9D1C-5B2909D583B4}.Debug|Any CPU.Build.0 = Debug|Any CPU
		{5458D199-F58C-4046-9D1C-5B2909D583B4}.Debug|x64.ActiveCfg = Debug|Any CPU
		{5458D199-F58C-4046-9D1C-5B2909D583B4}.Debug|x64.Build.0 = Debug|Any CPU
		{5458D199-F58C-4046-9D1C-5B2909D583B4}.Debug|x86.ActiveCfg = Debug|Any CPU
		{5458D199-F58C-4046-9D1C-5B2909D583B4}.Debug|x86.Build.0 = Debug|Any CPU
		{5458D199-F58C-4046-9D1C-5B2909D583B4}.Release|Any CPU.ActiveCfg = Release|Any CPU
		{5458D199-F58C-4046-9D1C-5B2909D583B4}.Release|Any CPU.Build.0 = Release|Any CPU
		{5458D199-F58C-4046-9D1C-5B2909D583B4}.Release|x64.ActiveCfg = Release|Any CPU
		{5458D199-F58C-4046-9D1C-5B2909D583B4}.Release|x64.Build.0 = Release|Any CPU
		{5458D199-F58C-4046-9D1C-5B2909D583B4}.Release|x86.ActiveCfg = Release|Any CPU
		{5458D199-F58C-4046-9D1C-5B2909D583B4}.Release|x86.Build.0 = Release|Any CPU
		{D2E5CB20-B939-4172-BE6E-54CF458C277B}.Debug|Any CPU.ActiveCfg = Debug|Any CPU
		{D2E5CB20-B939-4172-BE6E-54CF458C277B}.Debug|Any CPU.Build.0 = Debug|Any CPU
		{D2E5CB20-B939-4172-BE6E-54CF458C277B}.Debug|x64.ActiveCfg = Debug|Any CPU
		{D2E5CB20-B939-4172-BE6E-54CF458C277B}.Debug|x64.Build.0 = Debug|Any CPU
		{D2E5CB20-B939-4172-BE6E-54CF458C277B}.Debug|x86.ActiveCfg = Debug|Any CPU
		{D2E5CB20-B939-4172-BE6E-54CF458C277B}.Debug|x86.Build.0 = Debug|Any CPU
		{D2E5CB20-B939-4172-BE6E-54CF458C277B}.Release|Any CPU.ActiveCfg = Release|Any CPU
		{D2E5CB20-B939-4172-BE6E-54CF458C277B}.Release|Any CPU.Build.0 = Release|Any CPU
		{D2E5CB20-B939-4172-BE6E-54CF458C277B}.Release|x64.ActiveCfg = Release|Any CPU
		{D2E5CB20-B939-4172-BE6E-54CF458C277B}.Release|x64.Build.0 = Release|Any CPU
		{D2E5CB20-B939-4172-BE6E-54CF458C277B}.Release|x86.ActiveCfg = Release|Any CPU
		{D2E5CB20-B939-4172-BE6E-54CF458C277B}.Release|x86.Build.0 = Release|Any CPU
		{36C142B3-8AC0-4A55-9D5A-14634D0A8BC3}.Debug|Any CPU.ActiveCfg = Debug|Any CPU
		{36C142B3-8AC0-4A55-9D5A-14634D0A8BC3}.Debug|Any CPU.Build.0 = Debug|Any CPU
		{36C142B3-8AC0-4A55-9D5A-14634D0A8BC3}.Debug|x64.ActiveCfg = Debug|Any CPU
		{36C142B3-8AC0-4A55-9D5A-14634D0A8BC3}.Debug|x64.Build.0 = Debug|Any CPU
		{36C142B3-8AC0-4A55-9D5A-14634D0A8BC3}.Debug|x86.ActiveCfg = Debug|Any CPU
		{36C142B3-8AC0-4A55-9D5A-14634D0A8BC3}.Debug|x86.Build.0 = Debug|Any CPU
		{36C142B3-8AC0-4A55-9D5A-14634D0A8BC3}.Release|Any CPU.ActiveCfg = Release|Any CPU
		{36C142B3-8AC0-4A55-9D5A-14634D0A8BC3}.Release|Any CPU.Build.0 = Release|Any CPU
		{36C142B3-8AC0-4A55-9D5A-14634D0A8BC3}.Release|x64.ActiveCfg = Release|Any CPU
		{36C142B3-8AC0-4A55-9D5A-14634D0A8BC3}.Release|x64.Build.0 = Release|Any CPU
		{36C142B3-8AC0-4A55-9D5A-14634D0A8BC3}.Release|x86.ActiveCfg = Release|Any CPU
		{36C142B3-8AC0-4A55-9D5A-14634D0A8BC3}.Release|x86.Build.0 = Release|Any CPU
		{15ACA283-1204-4B85-A8CA-9E24F87262A5}.Debug|Any CPU.ActiveCfg = Debug|Any CPU
		{15ACA283-1204-4B85-A8CA-9E24F87262A5}.Debug|Any CPU.Build.0 = Debug|Any CPU
		{15ACA283-1204-4B85-A8CA-9E24F87262A5}.Debug|x64.ActiveCfg = Debug|Any CPU
		{15ACA283-1204-4B85-A8CA-9E24F87262A5}.Debug|x64.Build.0 = Debug|Any CPU
		{15ACA283-1204-4B85-A8CA-9E24F87262A5}.Debug|x86.ActiveCfg = Debug|Any CPU
		{15ACA283-1204-4B85-A8CA-9E24F87262A5}.Debug|x86.Build.0 = Debug|Any CPU
		{15ACA283-1204-4B85-A8CA-9E24F87262A5}.Release|Any CPU.ActiveCfg = Release|Any CPU
		{15ACA283-1204-4B85-A8CA-9E24F87262A5}.Release|Any CPU.Build.0 = Release|Any CPU
		{15ACA283-1204-4B85-A8CA-9E24F87262A5}.Release|x64.ActiveCfg = Release|Any CPU
		{15ACA283-1204-4B85-A8CA-9E24F87262A5}.Release|x64.Build.0 = Release|Any CPU
		{15ACA283-1204-4B85-A8CA-9E24F87262A5}.Release|x86.ActiveCfg = Release|Any CPU
		{15ACA283-1204-4B85-A8CA-9E24F87262A5}.Release|x86.Build.0 = Release|Any CPU
		{C3C729E2-32C5-4AD1-989E-3768D745CE43}.Debug|Any CPU.ActiveCfg = Debug|Any CPU
		{C3C729E2-32C5-4AD1-989E-3768D745CE43}.Debug|Any CPU.Build.0 = Debug|Any CPU
		{C3C729E2-32C5-4AD1-989E-3768D745CE43}.Debug|x64.ActiveCfg = Debug|Any CPU
		{C3C729E2-32C5-4AD1-989E-3768D745CE43}.Debug|x64.Build.0 = Debug|Any CPU
		{C3C729E2-32C5-4AD1-989E-3768D745CE43}.Debug|x86.ActiveCfg = Debug|Any CPU
		{C3C729E2-32C5-4AD1-989E-3768D745CE43}.Debug|x86.Build.0 = Debug|Any CPU
		{C3C729E2-32C5-4AD1-989E-3768D745CE43}.Release|Any CPU.ActiveCfg = Release|Any CPU
		{C3C729E2-32C5-4AD1-989E-3768D745CE43}.Release|Any CPU.Build.0 = Release|Any CPU
		{C3C729E2-32C5-4AD1-989E-3768D745CE43}.Release|x64.ActiveCfg = Release|Any CPU
		{C3C729E2-32C5-4AD1-989E-3768D745CE43}.Release|x64.Build.0 = Release|Any CPU
		{C3C729E2-32C5-4AD1-989E-3768D745CE43}.Release|x86.ActiveCfg = Release|Any CPU
		{C3C729E2-32C5-4AD1-989E-3768D745CE43}.Release|x86.Build.0 = Release|Any CPU
	EndGlobalSection
	GlobalSection(SolutionProperties) = preSolution
		HideSolutionNode = FALSE
	EndGlobalSection
	GlobalSection(NestedProjects) = preSolution
		{E4998DDD-32D0-44D1-B653-B97DD26E3DE6} = {07C2787E-EAC7-C090-1BA3-A61EC2A24D84}
		{B8E7350A-EDAB-42A0-8774-CAC6463E6B89} = {827E0CD3-B72D-47B6-A68D-7590B98EB39B}
		{C1911FAB-FFE4-4F07-8BF1-DF9F87ADEF2B} = {827E0CD3-B72D-47B6-A68D-7590B98EB39B}
		{C8E13BE9-D04B-4C5E-801C-FD05A34E8DB2} = {827E0CD3-B72D-47B6-A68D-7590B98EB39B}
		{266354AC-90E1-421B-9D0C-422D94BA5C0F} = {827E0CD3-B72D-47B6-A68D-7590B98EB39B}
		{121925BA-B6AA-484B-B49C-25A6F437559F} = {827E0CD3-B72D-47B6-A68D-7590B98EB39B}
		{5458D199-F58C-4046-9D1C-5B2909D583B4} = {827E0CD3-B72D-47B6-A68D-7590B98EB39B}
		{D2E5CB20-B939-4172-BE6E-54CF458C277B} = {827E0CD3-B72D-47B6-A68D-7590B98EB39B}
		{36C142B3-8AC0-4A55-9D5A-14634D0A8BC3} = {827E0CD3-B72D-47B6-A68D-7590B98EB39B}
		{15ACA283-1204-4B85-A8CA-9E24F87262A5} = {07C2787E-EAC7-C090-1BA3-A61EC2A24D84}
		{C3C729E2-32C5-4AD1-989E-3768D745CE43} = {07C2787E-EAC7-C090-1BA3-A61EC2A24D84}
	EndGlobalSection
EndGlobal
